
Microsoft Visual Studio Solution File, Format Version 12.00
# Visual Studio Version 17
VisualStudioVersion = 17.5.33530.505
MinimumVisualStudioVersion = 10.0.40219.1
Project("{888888A0-9F3D-457C-B088-3A5042F75D52}") = "chatgptwebapp", "chatgptwebapp\chatgptwebapp.pyproj", "{5D85E342-1C4B-4892-85A0-A6729C420366}"
EndProject
Global
	GlobalSection(SolutionConfigurationPlatforms) = preSolution
		Debug|Any CPU = Debug|Any CPU
		Release|Any CPU = Release|Any CPU
	EndGlobalSection
	GlobalSection(ProjectConfigurationPlatforms) = postSolution
		{5D85E342-1C4B-4892-85A0-A6729C420366}.Debug|Any CPU.ActiveCfg = Debug|Any CPU
		{5D85E342-1C4B-4892-85A0-A6729C420366}.Debug|Any CPU.Build.0 = Debug|Any CPU
		{5D85E342-1C4B-4892-85A0-A6729C420366}.Release|Any CPU.ActiveCfg = Release|Any CPU
		{5D85E342-1C4B-4892-85A0-A6729C420366}.Release|Any CPU.Build.0 = Release|Any CPU
	EndGlobalSection
	GlobalSection(SolutionProperties) = preSolution
		HideSolutionNode = FALSE
	EndGlobalSection
	GlobalSection(ExtensibilityGlobals) = postSolution
		SolutionGuid = {EDEF2F27-8218-46E6-9E7A-C2C99E0D5B6B}
	EndGlobalSection
EndGlobal
